Microsoft Visual Studio Solution File, Format Version 11.00
# Visual Studio 2008

Project("{D039A52B-D360-4822-93F7-188C0104032C}") = "Thoracic Laceration", "Assembly-CSharp-firstpass.csproj", "{F2086CBD-6086-BF78-A6F7-3BA54495C823}"
EndProject
Project("{D039A52B-D360-4822-93F7-188C0104032C}") = "Thoracic Laceration", "Assembly-CSharp.csproj", "{4E33E1C5-CF11-6234-DF35-AB6DFA9BFC1B}"
EndProject
Project("{D039A52B-D360-4822-93F7-188C0104032C}") = "Thoracic Laceration", "Assembly-UnityScript-firstpass.unityproj", "{57217B23-76D6-99F3-4411-B932B79AB746}"
EndProject
Project("{D039A52B-D360-4822-93F7-188C0104032C}") = "Thoracic Laceration", "Assembly-UnityScript.unityproj", "{E2B117AC-D2D3-2346-D0BE-88D720F98AA9}"
EndProject
Global
	GlobalSection(SolutionConfigurationPlatforms) = preSolution
		Debug|Any CPU = Debug|Any CPU
		Release|Any CPU = Release|Any CPU
	EndGlobalSection
	GlobalSection(ProjectConfigurationPlatforms) = postSolution
		{F2086CBD-6086-BF78-A6F7-3BA54495C823}.Debug|Any CPU.ActiveCfg = Debug|Any CPU
		{F2086CBD-6086-BF78-A6F7-3BA54495C823}.Debug|Any CPU.Build.0 = Debug|Any CPU
		{F2086CBD-6086-BF78-A6F7-3BA54495C823}.Release|Any CPU.ActiveCfg = Release|Any CPU
		{F2086CBD-6086-BF78-A6F7-3BA54495C823}.Release|Any CPU.Build.0 = Release|Any CPU
		{4E33E1C5-CF11-6234-DF35-AB6DFA9BFC1B}.Debug|Any CPU.ActiveCfg = Debug|Any CPU
		{4E33E1C5-CF11-6234-DF35-AB6DFA9BFC1B}.Debug|Any CPU.Build.0 = Debug|Any CPU
		{4E33E1C5-CF11-6234-DF35-AB6DFA9BFC1B}.Release|Any CPU.ActiveCfg = Release|Any CPU
		{4E33E1C5-CF11-6234-DF35-AB6DFA9BFC1B}.Release|Any CPU.Build.0 = Release|Any CPU
		{57217B23-76D6-99F3-4411-B932B79AB746}.Debug|Any CPU.ActiveCfg = Debug|Any CPU
		{57217B23-76D6-99F3-4411-B932B79AB746}.Debug|Any CPU.Build.0 = Debug|Any CPU
		{57217B23-76D6-99F3-4411-B932B79AB746}.Release|Any CPU.ActiveCfg = Release|Any CPU
		{57217B23-76D6-99F3-4411-B932B79AB746}.Release|Any CPU.Build.0 = Release|Any CPU
		{E2B117AC-D2D3-2346-D0BE-88D720F98AA9}.Debug|Any CPU.ActiveCfg = Debug|Any CPU
		{E2B117AC-D2D3-2346-D0BE-88D720F98AA9}.Debug|Any CPU.Build.0 = Debug|Any CPU
		{E2B117AC-D2D3-2346-D0BE-88D720F98AA9}.Release|Any CPU.ActiveCfg = Release|Any CPU
		{E2B117AC-D2D3-2346-D0BE-88D720F98AA9}.Release|Any CPU.Build.0 = Release|Any CPU
	EndGlobalSection
	GlobalSection(SolutionProperties) = preSolution
		HideSolutionNode = FALSE
	EndGlobalSection
														GlobalSection(MonoDevelopProperties) = preSolution
		StartupItem = Assembly-CSharp.csproj
		Policies = $0
		$0.TextStylePolicy = $1
		$1.inheritsSet = null
		$1.scope = text/x-csharp
		$0.CSharpFormattingPolicy = $2
		$2.inheritsSet = Mono
		$2.inheritsScope = text/x-csharp
		$2.scope = text/x-csharp
		$0.TextStylePolicy = $3
		$3.FileWidth = 120
		$3.TabWidth = 4
		$3.EolMarker = Unix
		$3.inheritsSet = Mono
		$3.inheritsScope = text/plain
		$3.scope = text/plain
	EndGlobalSection

EndGlobal
